
Microsoft Visual Studio Solution File, Format Version 12.00
# Visual Studio 2013
VisualStudioVersion = 12.0.30723.0
MinimumVisualStudioVersion = 10.0.40219.1
Project("{FAE04EC0-301F-11D3-BF4B-00C04F79EFBC}") = "Proto", "Proto\Proto.csproj", "{6281281E-DFB1-4F02-9454-53580D0EBECB}"
EndProject
Project("{FAE04EC0-301F-11D3-BF4B-00C04F79EFBC}") = "Proto2", "Proto2\Proto2.csproj", "{C81D8192-137E-4797-887C-18C54ED7873F}"
EndProject
Project("{2150E333-8FDC-42A3-9474-1A3956D46DE8}") = ".nuget", ".nuget", "{D809438F-32D8-4637-AC8F-027E9437851F}"
	ProjectSection(SolutionItems) = preProject
		.nuget\packages.config = .nuget\packages.config
	EndProjectSection
EndProject
Global
	GlobalSection(SolutionConfigurationPlatforms) = preSolution
		Debug|Any CPU = Debug|Any CPU
		Release|Any CPU = Release|Any CPU
	EndGlobalSection
	GlobalSection(ProjectConfigurationPlatforms) = postSolution
		{6281281E-DFB1-4F02-9454-53580D0EBECB}.Debug|Any CPU.ActiveCfg = Release|Any CPU
		{6281281E-DFB1-4F02-9454-53580D0EBECB}.Debug|Any CPU.Build.0 = Release|Any CPU
		{6281281E-DFB1-4F02-9454-53580D0EBECB}.Debug|Any CPU.Deploy.0 = Release|Any CPU
		{6281281E-DFB1-4F02-9454-53580D0EBECB}.Release|Any CPU.ActiveCfg = Debug|Any CPU
		{6281281E-DFB1-4F02-9454-53580D0EBECB}.Release|Any CPU.Build.0 = Debug|Any CPU
		{C81D8192-137E-4797-887C-18C54ED7873F}.Debug|Any CPU.ActiveCfg = Debug|Any CPU
		{C81D8192-137E-4797-887C-18C54ED7873F}.Debug|Any CPU.Build.0 = Debug|Any CPU
		{C81D8192-137E-4797-887C-18C54ED7873F}.Release|Any CPU.ActiveCfg = Release|Any CPU
		{C81D8192-137E-4797-887C-18C54ED7873F}.Release|Any CPU.Build.0 = Release|Any CPU
	EndGlobalSection
	GlobalSection(SolutionProperties) = preSolution
		HideSolutionNode = FALSE
	EndGlobalSection
EndGlobal
